{
    "name": "@0x/website",
    "version": "0.0.72",
    "lockfileVersion": 1,
    "requires": true,
    "dependencies": {
        "react-router-sitemap": {
            "version": "1.2.0",
            "resolved": "https://registry.npmjs.org/react-router-sitemap/-/react-router-sitemap-1.2.0.tgz",
            "integrity": "sha512-3aETwxCFTGHsGbXpyh7sr+c/WDr0q1rpng0M4pgoV6Owl3673buejPHGvzDmZEdiqhRa+I0znRDneKRc1NC06Q==",
            "requires": {
                "sitemap": "1.13.0"
            }
        },
        "sitemap": {
            "version": "1.13.0",
            "resolved": "https://registry.npmjs.org/sitemap/-/sitemap-1.13.0.tgz",
            "integrity": "sha1-Vpy+IYAgKSamKiZs094Jyc60P4M=",
            "requires": {
                "underscore": "1.9.1",
                "url-join": "1.1.0"
            }
        },
        "underscore": {
            "version": "1.9.1",
            "resolved": "https://registry.npmjs.org/underscore/-/underscore-1.9.1.tgz",
            "integrity": "sha512-5/4etnCkd9c8gwgowi5/om/mYO5ajCaOgdzj/oW+0eQV9WxKBDZw5+ycmKmeaTXjInS/W0BzpGLo2xR2aBwZdg=="
        },
        "url-join": {
            "version": "1.1.0",
            "resolved": "https://registry.npmjs.org/url-join/-/url-join-1.1.0.tgz",
            "integrity": "sha1-dBxsL0WWxIMNZxhGCSDQySIC3Hg="
        }
    }
}
